
Microsoft Visual Studio Solution File, Format Version 12.00
# Visual Studio Version 17
VisualStudioVersion = 17.8.34330.188
MinimumVisualStudioVersion = 10.0.40219.1
Project("{9A19103F-16F7-4668-BE54-9A1E7A4F7556}") = "GroceryApp", "GroceryApp\GroceryApp.csproj", "{76F03A6D-3809-439F-950B-D48C0B404421}"
EndProject
Project("{9A19103F-16F7-4668-BE54-9A1E7A4F7556}") = "GroceryApp.Core", "GroceryApp.Core\GroceryApp.Core.csproj", "{AFB3083D-E790-4A41-97E4-C827FD021D7D}"
EndProject
Project("{9A19103F-16F7-4668-BE54-9A1E7A4F7556}") = "GroceryApp.Interfaces", "GroceryApp.Interfaces\GroceryApp.Interfaces.csproj", "{0A2CA4B3-A72D-4A14-8E98-097634D538AB}"
EndProject
Project("{9A19103F-16F7-4668-BE54-9A1E7A4F7556}") = "GroceryApp.DAOMock1", "GroceryApp.DAOMock1\GroceryApp.DAOMock1.csproj", "{8908DD4D-F63A-4025-8280-5E118E054060}"
EndProject
Project("{9A19103F-16F7-4668-BE54-9A1E7A4F7556}") = "GroceryApp.BLC", "GroceryApp.BLC\GroceryApp.BLC.csproj", "{1F30E208-A168-42CA-8C9C-C49A0B852FE8}"
EndProject
Project("{9A19103F-16F7-4668-BE54-9A1E7A4F7556}") = "GroceryApp.DAOMock2", "GroceryApp.DAOMock2\GroceryApp.DAOMock2.csproj", "{FF2F679E-6703-4494-9BFA-122283394EB3}"
EndProject
Project("{9A19103F-16F7-4668-BE54-9A1E7A4F7556}") = "GroceryApp.WPF", "GroceryApp.WPF\GroceryApp.WPF.csproj", "{7C1B9EE3-24E7-4B34-BBCA-5D678194E75A}"
EndProject
Project("{9A19103F-16F7-4668-BE54-9A1E7A4F7556}") = "GroceryApp.MVC", "GroceryApp.MVC\GroceryApp.MVC.csproj", "{02304AA7-D369-4DC6-AAB8-61016B973259}"
EndProject
Global
	GlobalSection(SolutionConfigurationPlatforms) = preSolution
		Debug|Any CPU = Debug|Any CPU
		Release|Any CPU = Release|Any CPU
	EndGlobalSection
	GlobalSection(ProjectConfigurationPlatforms) = postSolution
		{76F03A6D-3809-439F-950B-D48C0B404421}.Debug|Any CPU.ActiveCfg = Debug|Any CPU
		{76F03A6D-3809-439F-950B-D48C0B404421}.Debug|Any CPU.Build.0 = Debug|Any CPU
		{76F03A6D-3809-439F-950B-D48C0B404421}.Release|Any CPU.ActiveCfg = Release|Any CPU
		{76F03A6D-3809-439F-950B-D48C0B404421}.Release|Any CPU.Build.0 = Release|Any CPU
		{AFB3083D-E790-4A41-97E4-C827FD021D7D}.Debug|Any CPU.ActiveCfg = Debug|Any CPU
		{AFB3083D-E790-4A41-97E4-C827FD021D7D}.Debug|Any CPU.Build.0 = Debug|Any CPU
		{AFB3083D-E790-4A41-97E4-C827FD021D7D}.Release|Any CPU.ActiveCfg = Release|Any CPU
		{AFB3083D-E790-4A41-97E4-C827FD021D7D}.Release|Any CPU.Build.0 = Release|Any CPU
		{0A2CA4B3-A72D-4A14-8E98-097634D538AB}.Debug|Any CPU.ActiveCfg = Debug|Any CPU
		{0A2CA4B3-A72D-4A14-8E98-097634D538AB}.Debug|Any CPU.Build.0 = Debug|Any CPU
		{0A2CA4B3-A72D-4A14-8E98-097634D538AB}.Release|Any CPU.ActiveCfg = Release|Any CPU
		{0A2CA4B3-A72D-4A14-8E98-097634D538AB}.Release|Any CPU.Build.0 = Release|Any CPU
		{8908DD4D-F63A-4025-8280-5E118E054060}.Debug|Any CPU.ActiveCfg = Debug|Any CPU
		{8908DD4D-F63A-4025-8280-5E118E054060}.Debug|Any CPU.Build.0 = Debug|Any CPU
		{8908DD4D-F63A-4025-8280-5E118E054060}.Release|Any CPU.ActiveCfg = Release|Any CPU
		{8908DD4D-F63A-4025-8280-5E118E054060}.Release|Any CPU.Build.0 = Release|Any CPU
		{1F30E208-A168-42CA-8C9C-C49A0B852FE8}.Debug|Any CPU.ActiveCfg = Debug|Any CPU
		{1F30E208-A168-42CA-8C9C-C49A0B852FE8}.Debug|Any CPU.Build.0 = Debug|Any CPU
		{1F30E208-A168-42CA-8C9C-C49A0B852FE8}.Release|Any CPU.ActiveCfg = Release|Any CPU
		{1F30E208-A168-42CA-8C9C-C49A0B852FE8}.Release|Any CPU.Build.0 = Release|Any CPU
		{FF2F679E-6703-4494-9BFA-122283394EB3}.Debug|Any CPU.ActiveCfg = Debug|Any CPU
		{FF2F679E-6703-4494-9BFA-122283394EB3}.Debug|Any CPU.Build.0 = Debug|Any CPU
		{FF2F679E-6703-4494-9BFA-122283394EB3}.Release|Any CPU.ActiveCfg = Release|Any CPU
		{FF2F679E-6703-4494-9BFA-122283394EB3}.Release|Any CPU.Build.0 = Release|Any CPU
		{7C1B9EE3-24E7-4B34-BBCA-5D678194E75A}.Debug|Any CPU.ActiveCfg = Debug|Any CPU
		{7C1B9EE3-24E7-4B34-BBCA-5D678194E75A}.Debug|Any CPU.Build.0 = Debug|Any CPU
		{7C1B9EE3-24E7-4B34-BBCA-5D678194E75A}.Release|Any CPU.ActiveCfg = Release|Any CPU
		{7C1B9EE3-24E7-4B34-BBCA-5D678194E75A}.Release|Any CPU.Build.0 = Release|Any CPU
		{02304AA7-D369-4DC6-AAB8-61016B973259}.Debug|Any CPU.ActiveCfg = Debug|Any CPU
		{02304AA7-D369-4DC6-AAB8-61016B973259}.Debug|Any CPU.Build.0 = Debug|Any CPU
		{02304AA7-D369-4DC6-AAB8-61016B973259}.Release|Any CPU.ActiveCfg = Release|Any CPU
		{02304AA7-D369-4DC6-AAB8-61016B973259}.Release|Any CPU.Build.0 = Release|Any CPU
	EndGlobalSection
	GlobalSection(SolutionProperties) = preSolution
		HideSolutionNode = FALSE
	EndGlobalSection
	GlobalSection(ExtensibilityGlobals) = postSolution
		SolutionGuid = {91518553-7DF2-450E-B26E-53A2D23F467A}
	EndGlobalSection
EndGlobal
